<?xml version="1.0" encoding="utf-8"?>
<Project ToolsVersion="4.0" xmlns="http://schemas.microsoft.com/developer/msbuild/2003">
  <ItemGroup>
    <Filter Include="Source Files">
      <UniqueIdentifier>{4FC737F1-C7A5-4376-A066-2A32D752A2FF}</UniqueIdentifier>
      <Extensions>cpp;c;cc;cxx;def;odl;idl;hpj;bat;asm;asmx</Extensions>
    </Filter>
    <Filter Include="Header Files">
      <UniqueIdentifier>{93995380-89BD-4b04-88EB-625FBE52EBFB}</UniqueIdentifier>
      <Extensions>h;hh;hpp;hxx;hm;inl;inc;xsd</Extensions>
    </Filter>
    <Filter Include="Resource Files">
      <UniqueIdentifier>{67DA6AB6-F800-4c08-8B7A-83BB121AAD01}</UniqueIdentifier>
      <Extensions>rc;ico;cur;bmp;dlg;rc2;rct;bin;rgs;gif;jpg;jpeg;jpe;resx;tiff;tif;png;wav;mfcribbon-ms</Extensions>
    </Filter>
  </ItemGroup>
  <ItemGroup>
    <MASM Include="exe1.asm">
      <Filter>Source Files</Filter>
    </MASM>
    <MASM Include="exe2-a.asm">
      <Filter>Source Files</Filter>
    </MASM>
    <MASM Include="exe2-c.asm">
      <Filter>Source Files</Filter>
    </MASM>
    <MASM Include="exe3.asm">
      <Filter>Source Files</Filter>
    </MASM>
    <MASM Include="exe5-a.asm">
      <Filter>Source Files</Filter>
    </MASM>
    <MASM Include="exe6.asm">
      <Filter>Source Files</Filter>
    </MASM>
    <MASM Include="exe13.asm">
      <Filter>Source Files</Filter>
    </MASM>
    <MASM Include="exe14-a.asm">
      <Filter>Source Files</Filter>
    </MASM>
    <MASM Include="exe14-b.asm">
      <Filter>Source Files</Filter>
    </MASM>
    <MASM Include="exe16_a.asm">
      <Filter>Source Files</Filter>
    </MASM>
    <MASM Include="exe16_b.asm">
      <Filter>Source Files</Filter>
    </MASM>
    <MASM Include="exe17_a.asm">
      <Filter>Source Files</Filter>
    </MASM>
    <MASM Include="exe17_b.asm">
      <Filter>Source Files</Filter>
    </MASM>
    <MASM Include="exe4_3.asm">
      <Filter>Source Files</Filter>
    </MASM>
    <MASM Include="exe4_4.asm">
      <Filter>Source Files</Filter>
    </MASM>
    <MASM Include="exe4_5.asm">
      <Filter>Source Files</Filter>
    </MASM>
    <MASM Include="exe4_11.asm">
      <Filter>Source Files</Filter>
    </MASM>
    <MASM Include="exe4_12.asm">
      <Filter>Source Files</Filter>
    </MASM>
    <MASM Include="exe4_14.asm">
      <Filter>Source Files</Filter>
    </MASM>
    <MASM Include="exe15.asm">
      <Filter>Source Files</Filter>
    </MASM>
    <MASM Include="exe4_17.asm">
      <Filter>Source Files</Filter>
    </MASM>
    <MASM Include="exe4_9.asm">
      <Filter>Source Files</Filter>
    </MASM>
    <MASM Include="exe4_8.asm">
      <Filter>Source Files</Filter>
    </MASM>
    <MASM Include="exe4_10.asm">
      <Filter>Source Files</Filter>
    </MASM>
    <MASM Include="test2-17-18.asm">
      <Filter>Source Files</Filter>
    </MASM>
    <MASM Include="finalExam-15-16.asm">
      <Filter>Source Files</Filter>
    </MASM>
    <MASM Include="exe4_7_a.asm">
      <Filter>Source Files</Filter>
    </MASM>
    <MASM Include="test1-16-17.asm">
      <Filter>Source Files</Filter>
    </MASM>
    <MASM Include="test1-15-16.asm">
      <Filter>Source Files</Filter>
    </MASM>
    <MASM Include="test1-14-15.asm">
      <Filter>Source Files</Filter>
    </MASM>
    <MASM Include="exe5_1.asm">
      <Filter>Source Files</Filter>
    </MASM>
    <MASM Include="exe5_3.asm">
      <Filter>Source Files</Filter>
    </MASM>
    <MASM Include="exe5_7.asm">
      <Filter>Source Files</Filter>
    </MASM>
    <MASM Include="exe5_14_scalar.asm">
      <Filter>Source Files</Filter>
    </MASM>
    <MASM Include="exe5_14_packed.asm">
      <Filter>Source Files</Filter>
    </MASM>
    <MASM Include="exe5_15.asm">
      <Filter>Source Files</Filter>
    </MASM>
    <MASM Include="exe5_17_b.asm">
      <Filter>Source Files</Filter>
    </MASM>
    <MASM Include="exe5_17_subroutines.asm">
      <Filter>Source Files</Filter>
    </MASM>
  </ItemGroup>
  <ItemGroup>
    <None Include="mpcp.inc">
      <Filter>Header Files</Filter>
    </None>
  </ItemGroup>
  <ItemGroup>
    <ClCompile Include="exe5_17_a.cpp">
      <Filter>Source Files</Filter>
    </ClCompile>
  </ItemGroup>
</Project>